
Microsoft Visual Studio Solution File, Format Version 12.00
# Visual Studio Version 17
VisualStudioVersion = 17.8.34525.116
MinimumVisualStudioVersion = 10.0.40219.1
Project("{FAE04EC0-301F-11D3-BF4B-00C04F79EFBC}") = "MyFridgeFriend", "MyFridgeFriend.csproj", "{E13CB5C6-81EA-4A14-8FA1-23BAFD1DA03E}"
EndProject
Global
	GlobalSection(SolutionConfigurationPlatforms) = preSolution
		Debug|Any CPU = Debug|Any CPU
		Release|Any CPU = Release|Any CPU
	EndGlobalSection
	GlobalSection(ProjectConfigurationPlatforms) = postSolution
		{E13CB5C6-81EA-4A14-8FA1-23BAFD1DA03E}.Debug|Any CPU.ActiveCfg = Debug|Any CPU
		{E13CB5C6-81EA-4A14-8FA1-23BAFD1DA03E}.Debug|Any CPU.Build.0 = Debug|Any CPU
		{E13CB5C6-81EA-4A14-8FA1-23BAFD1DA03E}.Release|Any CPU.ActiveCfg = Release|Any CPU
		{E13CB5C6-81EA-4A14-8FA1-23BAFD1DA03E}.Release|Any CPU.Build.0 = Release|Any CPU
	EndGlobalSection
	GlobalSection(SolutionProperties) = preSolution
		HideSolutionNode = FALSE
	EndGlobalSection
	GlobalSection(ExtensibilityGlobals) = postSolution
		SolutionGuid = {09F7BCCD-D40E-46C8-893A-7110D744BCA4}
	EndGlobalSection
EndGlobal
